
Microsoft Visual Studio Solution File, Format Version 12.00
# Visual Studio 15
VisualStudioVersion = 15.0.27703.2018
MinimumVisualStudioVersion = 10.0.40219.1
Project("{FAE04EC0-301F-11D3-BF4B-00C04F79EFBC}") = "PasswordManager", "PasswordManager\PasswordManager.csproj", "{9B61827E-1029-4A0E-AF14-6870441440B8}"
EndProject
Project("{FAE04EC0-301F-11D3-BF4B-00C04F79EFBC}") = "PasswordManager.Tests", "PasswordManager.Tests\PasswordManager.Tests.csproj", "{762EC8A2-7BAD-4893-8402-19DA2916CC77}"
EndProject
Project("{FAE04EC0-301F-11D3-BF4B-00C04F79EFBC}") = "PasswordManager.Database", "PasswordManager.Database\PasswordManager.Database.csproj", "{D87C4185-6F8E-42DA-9685-28F688AB3EFB}"
EndProject
Global
	GlobalSection(SolutionConfigurationPlatforms) = preSolution
		Debug|Any CPU = Debug|Any CPU
		Release|Any CPU = Release|Any CPU
	EndGlobalSection
	GlobalSection(ProjectConfigurationPlatforms) = postSolution
		{9B61827E-1029-4A0E-AF14-6870441440B8}.Debug|Any CPU.ActiveCfg = Debug|Any CPU
		{9B61827E-1029-4A0E-AF14-6870441440B8}.Debug|Any CPU.Build.0 = Debug|Any CPU
		{9B61827E-1029-4A0E-AF14-6870441440B8}.Release|Any CPU.ActiveCfg = Release|Any CPU
		{9B61827E-1029-4A0E-AF14-6870441440B8}.Release|Any CPU.Build.0 = Release|Any CPU
		{762EC8A2-7BAD-4893-8402-19DA2916CC77}.Debug|Any CPU.ActiveCfg = Debug|Any CPU
		{762EC8A2-7BAD-4893-8402-19DA2916CC77}.Debug|Any CPU.Build.0 = Debug|Any CPU
		{762EC8A2-7BAD-4893-8402-19DA2916CC77}.Release|Any CPU.ActiveCfg = Release|Any CPU
		{762EC8A2-7BAD-4893-8402-19DA2916CC77}.Release|Any CPU.Build.0 = Release|Any CPU
		{D87C4185-6F8E-42DA-9685-28F688AB3EFB}.Debug|Any CPU.ActiveCfg = Debug|Any CPU
		{D87C4185-6F8E-42DA-9685-28F688AB3EFB}.Debug|Any CPU.Build.0 = Debug|Any CPU
		{D87C4185-6F8E-42DA-9685-28F688AB3EFB}.Release|Any CPU.ActiveCfg = Release|Any CPU
		{D87C4185-6F8E-42DA-9685-28F688AB3EFB}.Release|Any CPU.Build.0 = Release|Any CPU
	EndGlobalSection
	GlobalSection(SolutionProperties) = preSolution
		HideSolutionNode = FALSE
	EndGlobalSection
	GlobalSection(ExtensibilityGlobals) = postSolution
		SolutionGuid = {F62FA72A-4151-4B95-8C07-C55F49DF0202}
	EndGlobalSection
EndGlobal
